// !$*UTF8*$!
{
	archiveVersion = 1;
	classes = {
	};
	objectVersion = 46;
	objects = {

/* Begin PBXBuildFile section */
		1F4B9F351E33C53700E68104 /* AppDelegate.swift in Sources */ = {isa = PBXBuildFile; fileRef = 1F4B9F341E33C53700E68104 /* AppDelegate.swift */; };
		1F4B9F371E33C53700E68104 /* ViewController.swift in Sources */ = {isa = PBXBuildFile; fileRef = 1F4B9F361E33C53700E68104 /* ViewController.swift */; };
		1F4B9F3A1E33C53700E68104 /* Main.storyboard in Resources */ = {isa = PBXBuildFile; fileRef = 1F4B9F381E33C53700E68104 /* Main.storyboard */; };
		1F4B9F3D1E33C53700E68104 /* HelloWorld.xcdatamodeld in Sources */ = {isa = PBXBuildFile; fileRef = 1F4B9F3B1E33C53700E68104 /* HelloWorld.xcdatamodeld */; };
		1F4B9F3F1E33C53700E68104 /* Assets.xcassets in Resources */ = {isa = PBXBuildFile; fileRef = 1F4B9F3E1E33C53700E68104 /* Assets.xcassets */; };
		1F4B9F421E33C53700E68104 /* LaunchScreen.storyboard in Resources */ = {isa = PBXBuildFile; fileRef = 1F4B9F401E33C53700E68104 /* LaunchScreen.storyboard */; };
		1F4B9F4D1E33C53700E68104 /* HelloWorldTests.swift in Sources */ = {isa = PBXBuildFile; fileRef = 1F4B9F4C1E33C53700E68104 /* HelloWorldTests.swift */; };
		1F4B9F581E33C53700E68104 /* HelloWorldUITests.swift in Sources */ = {isa = PBXBuildFile; fileRef = 1F4B9F571E33C53700E68104 /* HelloWorldUITests.swift */; };
/* End PBXBuildFile section */

/* Begin PBXContainerItemProxy section */
		1F4B9F491E33C53700E68104 /* PBXContainerItemProxy */ = {
			isa = PBXContainerItemProxy;
			containerPortal = 1F4B9F291E33C53700E68104 /* Project object */;
			proxyType = 1;
			remoteGlobalIDString = 1F4B9F301E33C53700E68104;
			remoteInfo = HelloWorld;
		};
		1F4B9F541E33C53700E68104 /* PBXContainerItemProxy */ = {
			isa = PBXContainerItemProxy;
			containerPortal = 1F4B9F291E33C53700E68104 /* Project object */;
			proxyType = 1;
			remoteGlobalIDString = 1F4B9F301E33C53700E68104;
			remoteInfo = HelloWorld;
		};
/* End PBXContainerItemProxy section */

/* Begin PBXFileReference section */
		1F4B9F311E33C53700E68104 /* HelloWorld.app */ = {isa = PBXFileReference; explicitFileType = wrapper.application; includeInIndex = 0; path = HelloWorld.app; sourceTree = BUILT_PRODUCTS_DIR; };
		1F4B9F341E33C53700E68104 /* AppDelegate.swift */ = {isa = PBXFileReference; lastKnownFileType = sourcecode.swift; path = AppDelegate.swift; sourceTree = "<group>"; };
		1F4B9F361E33C53700E68104 /* ViewController.swift */ = {isa = PBXFileReference; lastKnownFileType = sourcecode.swift; path = ViewController.swift; sourceTree = "<group>"; };
		1F4B9F391E33C53700E68104 /* Base */ = {isa = PBXFileReference; lastKnownFileType = file.storyboard; name = Base; path = Base.lproj/Main.storyboard; sourceTree = "<group>"; };
		1F4B9F3C1E33C53700E68104 /* HelloWorld.xcdatamodel */ = {isa = PBXFileReference; lastKnownFileType = wrapper.xcdatamodel; path = HelloWorld.xcdatamodel; sourceTree = "<group>"; };
		1F4B9F3E1E33C53700E68104 /* Assets.xcassets */ = {isa = PBXFileReference; lastKnownFileType = folder.assetcatalog; path = Assets.xcassets; sourceTree = "<group>"; };
		1F4B9F411E33C53700E68104 /* Base */ = {isa = PBXFileReference; lastKnownFileType = file.storyboard; name = Base; path = Base.lproj/LaunchScreen.storyboard; sourceTree = "<group>"; };
		1F4B9F431E33C53700E68104 /* Info.plist */ = {isa = PBXFileReference; lastKnownFileType = text.plist.xml; path = Info.plist; sourceTree = "<group>"; };
		1F4B9F481E33C53700E68104 /* HelloWorldTests.xctest */ = {isa = PBXFileReference; explicitFileType = wrapper.cfbundle; includeInIndex = 0; path = HelloWorldTests.xctest; sourceTree = BUILT_PRODUCTS_DIR; };
		1F4B9F4C1E33C53700E68104 /* HelloWorldTests.swift */ = {isa = PBXFileReference; lastKnownFileType = sourcecode.swift; path = HelloWorldTests.swift; sourceTree = "<group>"; };
		1F4B9F4E1E33C53700E68104 /* Info.plist */ = {isa = PBXFileReference; lastKnownFileType = text.plist.xml; path = Info.plist; sourceTree = "<group>"; };
		1F4B9F531E33C53700E68104 /* HelloWorldUITests.xctest */ = {isa = PBXFileReference; explicitFileType = wrapper.cfbundle; includeInIndex = 0; path = HelloWorldUITests.xctest; sourceTree = BUILT_PRODUCTS_DIR; };
		1F4B9F571E33C53700E68104 /* HelloWorldUITests.swift */ = {isa = PBXFileReference; lastKnownFileType = sourcecode.swift; path = HelloWorldUITests.swift; sourceTree = "<group>"; };
		1F4B9F591E33C53700E68104 /* Info.plist */ = {isa = PBXFileReference; lastKnownFileType = text.plist.xml; path = Info.plist; sourceTree = "<group>"; };
/* End PBXFileReference section */

/* Begin PBXFrameworksBuildPhase section */
		1F4B9F2E1E33C53700E68104 /* Frameworks */ = {
			isa = PBXFrameworksBuildPhase;
			buildActionMask = 2147483647;
			files = (
			);
			runOnlyForDeploymentPostprocessing = 0;
		};
		1F4B9F451E33C53700E68104 /* Frameworks */ = {
			isa = PBXFrameworksBuildPhase;
			buildActionMask = 2147483647;
			files = (
			);
			runOnlyForDeploymentPostprocessing = 0;
		};
		1F4B9F501E33C53700E68104 /* Frameworks */ = {
			isa = PBXFrameworksBuildPhase;
			buildActionMask = 2147483647;
			files = (
			);
			runOnlyForDeploymentPostprocessing = 0;
		};
/* End PBXFrameworksBuildPhase section */

/* Begin PBXGroup section */
		1F4B9F281E33C53700E68104 = {
			isa = PBXGroup;
			children = (
				1F4B9F331E33C53700E68104 /* HelloWorld */,
				1F4B9F4B1E33C53700E68104 /* HelloWorldTests */,
				1F4B9F561E33C53700E68104 /* HelloWorldUITests */,
				1F4B9F321E33C53700E68104 /* Products */,
			);
			sourceTree = "<group>";
		};
		1F4B9F321E33C53700E68104 /* Products */ = {
			isa = PBXGroup;
			children = (
				1F4B9F311E33C53700E68104 /* HelloWorld.app */,
				1F4B9F481E33C53700E68104 /* HelloWorldTests.xctest */,
				1F4B9F531E33C53700E68104 /* HelloWorldUITests.xctest */,
			);
			name = Products;
			sourceTree = "<group>";
		};
		1F4B9F331E33C53700E68104 /* HelloWorld */ = {
			isa = PBXGroup;
			children = (
				1F4B9F341E33C53700E68104 /* AppDelegate.swift */,
				1F4B9F361E33C53700E68104 /* ViewController.swift */,
				1F4B9F381E33C53700E68104 /* Main.storyboard */,
				1F4B9F3E1E33C53700E68104 /* Assets.xcassets */,
				1F4B9F401E33C53700E68104 /* LaunchScreen.storyboard */,
				1F4B9F431E33C53700E68104 /* Info.plist */,
				1F4B9F3B1E33C53700E68104 /* HelloWorld.xcdatamodeld */,
			);
			path = HelloWorld;
			sourceTree = "<group>";
		};
		1F4B9F4B1E33C53700E68104 /* HelloWorldTests */ = {
			isa = PBXGroup;
			children = (
				1F4B9F4C1E33C53700E68104 /* HelloWorldTests.swift */,
				1F4B9F4E1E33C53700E68104 /* Info.plist */,
			);
			path = HelloWorldTests;
			sourceTree = "<group>";
		};
		1F4B9F561E33C53700E68104 /* HelloWorldUITests */ = {
			isa = PBXGroup;
			children = (
				1F4B9F571E33C53700E68104 /* HelloWorldUITests.swift */,
				1F4B9F591E33C53700E68104 /* Info.plist */,
			);
			path = HelloWorldUITests;
			sourceTree = "<group>";
		};
/* End PBXGroup section */

/* Begin PBXNativeTarget section */
		1F4B9F301E33C53700E68104 /* HelloWorld */ = {
			isa = PBXNativeTarget;
			buildConfigurationList = 1F4B9F5C1E33C53700E68104 /* Build configuration list for PBXNativeTarget "HelloWorld" */;
			buildPhases = (
				1F4B9F2D1E33C53700E68104 /* Sources */,
				1F4B9F2E1E33C53700E68104 /* Frameworks */,
				1F4B9F2F1E33C53700E68104 /* Resources */,
			);
			buildRules = (
			);
			dependencies = (
			);
			name = HelloWorld;
			productName = HelloWorld;
			productReference = 1F4B9F311E33C53700E68104 /* HelloWorld.app */;
			productType = "com.apple.product-type.application";
		};
		1F4B9F471E33C53700E68104 /* HelloWorldTests */ = {
			isa = PBXNativeTarget;
			buildConfigurationList = 1F4B9F5F1E33C53700E68104 /* Build configuration list for PBXNativeTarget "HelloWorldTests" */;
			buildPhases = (
				1F4B9F441E33C53700E68104 /* Sources */,
				1F4B9F451E33C53700E68104 /* Frameworks */,
				1F4B9F461E33C53700E68104 /* Resources */,
			);
			buildRules = (
			);
			dependencies = (
				1F4B9F4A1E33C53700E68104 /* PBXTargetDependency */,
			);
			name = HelloWorldTests;
			productName = HelloWorldTests;
			productReference = 1F4B9F481E33C53700E68104 /* HelloWorldTests.xctest */;
			productType = "com.apple.product-type.bundle.unit-test";
		};
		1F4B9F521E33C53700E68104 /* HelloWorldUITests */ = {
			isa = PBXNativeTarget;
			buildConfigurationList = 1F4B9F621E33C53700E68104 /* Build configuration list for PBXNativeTarget "HelloWorldUITests" */;
			buildPhases = (
				1F4B9F4F1E33C53700E68104 /* Sources */,
				1F4B9F501E33C53700E68104 /* Frameworks */,
				1F4B9F511E33C53700E68104 /* Resources */,
			);
			buildRules = (
			);
			dependencies = (
				1F4B9F551E33C53700E68104 /* PBXTargetDependency */,
			);
			name = HelloWorldUITests;
			productName = HelloWorldUITests;
			productReference = 1F4B9F531E33C53700E68104 /* HelloWorldUITests.xctest */;
			productType = "com.apple.product-type.bundle.ui-testing";
		};
/* End PBXNativeTarget section */

/* Begin PBXProject section */
		1F4B9F291E33C53700E68104 /* Project object */ = {
			isa = PBXProject;
			attributes = {
				LastSwiftUpdateCheck = 0820;
				LastUpgradeCheck = 0820;
				ORGANIZATIONNAME = "Katie Perkins";
				TargetAttributes = {
					1F4B9F301E33C53700E68104 = {
						CreatedOnToolsVersion = 8.2.1;
						ProvisioningStyle = Automatic;
					};
					1F4B9F471E33C53700E68104 = {
						CreatedOnToolsVersion = 8.2.1;
						ProvisioningStyle = Automatic;
						TestTargetID = 1F4B9F301E33C53700E68104;
					};
					1F4B9F521E33C53700E68104 = {
						CreatedOnToolsVersion = 8.2.1;
						ProvisioningStyle = Automatic;
						TestTargetID = 1F4B9F301E33C53700E68104;
					};
				};
			};
			buildConfigurationList = 1F4B9F2C1E33C53700E68104 /* Build configuration list for PBXProject "HelloWorld" */;
			compatibilityVersion = "Xcode 3.2";
			developmentRegion = English;
			hasScannedForEncodings = 0;
			knownRegions = (
				en,
				Base,
			);
			mainGroup = 1F4B9F281E33C53700E68104;
			productRefGroup = 1F4B9F321E33C53700E68104 /* Products */;
			projectDirPath = "";
			projectRoot = "";
			targets = (
				1F4B9F301E33C53700E68104 /* HelloWorld */,
				1F4B9F471E33C53700E68104 /* HelloWorldTests */,
				1F4B9F521E33C53700E68104 /* HelloWorldUITests */,
			);
		};
/* End PBXProject section */

/* Begin PBXResourcesBuildPhase section */
		1F4B9F2F1E33C53700E68104 /* Resources */ = {
			isa = PBXResourcesBuildPhase;
			buildActionMask = 2147483647;
			files = (
				1F4B9F421E33C53700E68104 /* LaunchScreen.storyboard in Resources */,
				1F4B9F3F1E33C53700E68104 /* Assets.xcassets in Resources */,
				1F4B9F3A1E33C53700E68104 /* Main.storyboard in Resources */,
			);
			runOnlyForDeploymentPostprocessing = 0;
		};
		1F4B9F461E33C53700E68104 /* Resources */ = {
			isa = PBXResourcesBuildPhase;
			buildActionMask = 2147483647;
			files = (
			);
			runOnlyForDeploymentPostprocessing = 0;
		};
		1F4B9F511E33C53700E68104 /* Resources */ = {
			isa = PBXResourcesBuildPhase;
			buildActionMask = 2147483647;
			files = (
			);
			runOnlyForDeploymentPostprocessing = 0;
		};
/* End PBXResourcesBuildPhase section */

/* Begin PBXSourcesBuildPhase section */
		1F4B9F2D1E33C53700E68104 /* Sources */ = {
			isa = PBXSourcesBuildPhase;
			buildActionMask = 2147483647;
			files = (
				1F4B9F3D1E33C53700E68104 /* HelloWorld.xcdatamodeld in Sources */,
				1F4B9F371E33C53700E68104 /* ViewController.swift in Sources */,
				1F4B9F351E33C53700E68104 /* AppDelegate.swift in Sources */,
			);
			runOnlyForDeploymentPostprocessing = 0;
		};
		1F4B9F441E33C53700E68104 /* Sources */ = {
			isa = PBXSourcesBuildPhase;
			buildActionMask = 2147483647;
			files = (
				1F4B9F4D1E33C53700E68104 /* HelloWorldTests.swift in Sources */,
			);
			runOnlyForDeploymentPostprocessing = 0;
		};
		1F4B9F4F1E33C53700E68104 /* Sources */ = {
			isa = PBXSourcesBuildPhase;
			buildActionMask = 2147483647;
			files = (
				1F4B9F581E33C53700E68104 /* HelloWorldUITests.swift in Sources */,
			);
			runOnlyForDeploymentPostprocessing = 0;
		};
/* End PBXSourcesBuildPhase section */

/* Begin PBXTargetDependency section */
		1F4B9F4A1E33C53700E68104 /* PBXTargetDependency */ = {
			isa = PBXTargetDependency;
			target = 1F4B9F301E33C53700E68104 /* HelloWorld */;
			targetProxy = 1F4B9F491E33C53700E68104 /* PBXContainerItemProxy */;
		};
		1F4B9F551E33C53700E68104 /* PBXTargetDependency */ = {
			isa = PBXTargetDependency;
			target = 1F4B9F301E33C53700E68104 /* HelloWorld */;
			targetProxy = 1F4B9F541E33C53700E68104 /* PBXContainerItemProxy */;
		};
/* End PBXTargetDependency section */

/* Begin PBXVariantGroup section */
		1F4B9F381E33C53700E68104 /* Main.storyboard */ = {
			isa = PBXVariantGroup;
			children = (
				1F4B9F391E33C53700E68104 /* Base */,
			);
			name = Main.storyboard;
			sourceTree = "<group>";
		};
		1F4B9F401E33C53700E68104 /* LaunchScreen.storyboard */ = {
			isa = PBXVariantGroup;
			children = (
				1F4B9F411E33C53700E68104 /* Base */,
			);
			name = LaunchScreen.storyboard;
			sourceTree = "<group>";
		};
/* End PBXVariantGroup section */

/* Begin XCBuildConfiguration section */
		1F4B9F5A1E33C53700E68104 /* Debug */ = {
			isa = XCBuildConfiguration;
			buildSettings = {
				ALWAYS_SEARCH_USER_PATHS = NO;
				CLANG_ANALYZER_NONNULL = YES;
				CLANG_CXX_LANGUAGE_STANDARD = "gnu++0x";
				CLANG_CXX_LIBRARY = "libc++";
				CLANG_ENABLE_MODULES = YES;
				CLANG_ENABLE_OBJC_ARC = YES;
				CLANG_WARN_BOOL_CONVERSION = YES;
				CLANG_WARN_CONSTANT_CONVERSION = YES;
				CLANG_WARN_DIRECT_OBJC_ISA_USAGE = YES_ERROR;
				CLANG_WARN_DOCUMENTATION_COMMENTS = YES;
				CLANG_WARN_EMPTY_BODY = YES;
				CLANG_WARN_ENUM_CONVERSION = YES;
				CLANG_WARN_INFINITE_RECURSION = YES;
				CLANG_WARN_INT_CONVERSION = YES;
				CLANG_WARN_OBJC_ROOT_CLASS = YES_ERROR;
				CLANG_WARN_SUSPICIOUS_MOVE = YES;
				CLANG_WARN_UNREACHABLE_CODE = YES;
				CLANG_WARN__DUPLICATE_METHOD_MATCH = YES;
				"CODE_SIGN_IDENTITY[sdk=iphoneos*]" = "iPhone Developer";
				COPY_PHASE_STRIP = NO;
				DEBUG_INFORMATION_FORMAT = dwarf;
				ENABLE_STRICT_OBJC_MSGSEND = YES;
				ENABLE_TESTABILITY = YES;
				GCC_C_LANGUAGE_STANDARD = gnu99;
				GCC_DYNAMIC_NO_PIC = NO;
				GCC_NO_COMMON_BLOCKS = YES;
				GCC_OPTIMIZATION_LEVEL = 0;
				GCC_PREPROCESSOR_DEFINITIONS = (
					"DEBUG=1",
					"$(inherited)",
				);
				GCC_WARN_64_TO_32_BIT_CONVERSION = YES;
				GCC_WARN_ABOUT_RETURN_TYPE = YES_ERROR;
				GCC_WARN_UNDECLARED_SELECTOR = YES;
				GCC_WARN_UNINITIALIZED_AUTOS = YES_AGGRESSIVE;
				GCC_WARN_UNUSED_FUNCTION = YES;
				GCC_WARN_UNUSED_VARIABLE = YES;
				IPHONEOS_DEPLOYMENT_TARGET = 10.2;
				MTL_ENABLE_DEBUG_INFO = YES;
				ONLY_ACTIVE_ARCH = YES;
				SDKROOT = iphoneos;
				SWIFT_ACTIVE_COMPILATION_CONDITIONS = DEBUG;
				SWIFT_OPTIMIZATION_LEVEL = "-Onone";
				TARGETED_DEVICE_FAMILY = "1,2";
			};
			name = Debug;
		};
		1F4B9F5B1E33C53700E68104 /* Release */ = {
			isa = XCBuildConfiguration;
			buildSettings = {
				ALWAYS_SEARCH_USER_PATHS = NO;
				CLANG_ANALYZER_NONNULL = YES;
				CLANG_CXX_LANGUAGE_STANDARD = "gnu++0x";
				CLANG_CXX_LIBRARY = "libc++";
				CLANG_ENABLE_MODULES = YES;
				CLANG_ENABLE_OBJC_ARC = YES;
				CLANG_WARN_BOOL_CONVERSION = YES;
				CLANG_WARN_CONSTANT_CONVERSION = YES;
				CLANG_WARN_DIRECT_OBJC_ISA_USAGE = YES_ERROR;
				CLANG_WARN_DOCUMENTATION_COMMENTS = YES;
				CLANG_WARN_EMPTY_BODY = YES;
				CLANG_WARN_ENUM_CONVERSION = YES;
				CLANG_WARN_INFINITE_RECURSION = YES;
				CLANG_WARN_INT_CONVERSION = YES;
				CLANG_WARN_OBJC_ROOT_CLASS = YES_ERROR;
				CLANG_WARN_SUSPICIOUS_MOVE = YES;
				CLANG_WARN_UNREACHABLE_CODE = YES;
				CLANG_WARN__DUPLICATE_METHOD_MATCH = YES;
				"CODE_SIGN_IDENTITY[sdk=iphoneos*]" = "iPhone Developer";
				COPY_PHASE_STRIP = NO;
				DEBUG_INFORMATION_FORMAT = "dwarf-with-dsym";
				ENABLE_NS_ASSERTIONS = NO;
				ENABLE_STRICT_OBJC_MSGSEND = YES;
				GCC_C_LANGUAGE_STANDARD = gnu99;
				GCC_NO_COMMON_BLOCKS = YES;
				GCC_WARN_64_TO_32_BIT_CONVERSION = YES;
				GCC_WARN_ABOUT_RETURN_TYPE = YES_ERROR;
				GCC_WARN_UNDECLARED_SELECTOR = YES;
				GCC_WARN_UNINITIALIZED_AUTOS = YES_AGGRESSIVE;
				GCC_WARN_UNUSED_FUNCTION = YES;
				GCC_WARN_UNUSED_VARIABLE = YES;
				IPHONEOS_DEPLOYMENT_TARGET = 10.2;
				MTL_ENABLE_DEBUG_INFO = NO;
				SDKROOT = iphoneos;
				SWIFT_OPTIMIZATION_LEVEL = "-Owholemodule";
				TARGETED_DEVICE_FAMILY = "1,2";
				VALIDATE_PRODUCT = YES;
			};
			name = Release;
		};
		1F4B9F5D1E33C53700E68104 /* Debug */ = {
			isa = XCBuildConfiguration;
			buildSettings = {
				ASSETCATALOG_COMPILER_APPICON_NAME = AppIcon;
				INFOPLIST_FILE = HelloWorld/Info.plist;
				LD_RUNPATH_SEARCH_PATHS = "$(inherited) @executable_path/Frameworks";
				PRODUCT_BUNDLE_IDENTIFIER = countrygirls.HelloWorld;
				PRODUCT_NAME = "$(TARGET_NAME)";
				SWIFT_VERSION = 3.0;
			};
			name = Debug;
		};
		1F4B9F5E1E33C53700E68104 /* Release */ = {
			isa = XCBuildConfiguration;
			buildSettings = {
				ASSETCATALOG_COMPILER_APPICON_NAME = AppIcon;
				INFOPLIST_FILE = HelloWorld/Info.plist;
				LD_RUNPATH_SEARCH_PATHS = "$(inherited) @executable_path/Frameworks";
				PRODUCT_BUNDLE_IDENTIFIER = countrygirls.HelloWorld;
				PRODUCT_NAME = "$(TARGET_NAME)";
				SWIFT_VERSION = 3.0;
			};
			name = Release;
		};
		1F4B9F601E33C53700E68104 /* Debug */ = {
			isa = XCBuildConfiguration;
			buildSettings = {
				ALWAYS_EMBED_SWIFT_STANDARD_LIBRARIES = YES;
				BUNDLE_LOADER = "$(TEST_HOST)";
				INFOPLIST_FILE = HelloWorldTests/Info.plist;
				LD_RUNPATH_SEARCH_PATHS = "$(inherited) @executable_path/Frameworks @loader_path/Frameworks";
				PRODUCT_BUNDLE_IDENTIFIER = countrygirls.HelloWorldTests;
				PRODUCT_NAME = "$(TARGET_NAME)";
				SWIFT_VERSION = 3.0;
				TEST_HOST = "$(BUILT_PRODUCTS_DIR)/HelloWorld.app/HelloWorld";
			};
			name = Debug;
		};
		1F4B9F611E33C53700E68104 /* Release */ = {
			isa = XCBuildConfiguration;
			buildSettings = {
				ALWAYS_EMBED_SWIFT_STANDARD_LIBRARIES = YES;
				BUNDLE_LOADER = "$(TEST_HOST)";
				INFOPLIST_FILE = HelloWorldTests/Info.plist;
				LD_RUNPATH_SEARCH_PATHS = "$(inherited) @executable_path/Frameworks @loader_path/Frameworks";
				PRODUCT_BUNDLE_IDENTIFIER = countrygirls.HelloWorldTests;
				PRODUCT_NAME = "$(TARGET_NAME)";
				SWIFT_VERSION = 3.0;
				TEST_HOST = "$(BUILT_PRODUCTS_DIR)/HelloWorld.app/HelloWorld";
			};
			name = Release;
		};
		1F4B9F631E33C53700E68104 /* Debug */ = {
			isa = XCBuildConfiguration;
			buildSettings = {
				ALWAYS_EMBED_SWIFT_STANDARD_LIBRARIES = YES;
				INFOPLIST_FILE = HelloWorldUITests/Info.plist;
				LD_RUNPATH_SEARCH_PATHS = "$(inherited) @executable_path/Frameworks @loader_path/Frameworks";
				PRODUCT_BUNDLE_IDENTIFIER = countrygirls.HelloWorldUITests;
				PRODUCT_NAME = "$(TARGET_NAME)";
				SWIFT_VERSION = 3.0;
				TEST_TARGET_NAME = HelloWorld;
			};
			name = Debug;
		};
		1F4B9F641E33C53700E68104 /* Release */ = {
			isa = XCBuildConfiguration;
			buildSettings = {
				ALWAYS_EMBED_SWIFT_STANDARD_LIBRARIES = YES;
				INFOPLIST_FILE = HelloWorldUITests/Info.plist;
				LD_RUNPATH_SEARCH_PATHS = "$(inherited) @executable_path/Frameworks @loader_path/Frameworks";
				PRODUCT_BUNDLE_IDENTIFIER = countrygirls.HelloWorldUITests;
				PRODUCT_NAME = "$(TARGET_NAME)";
				SWIFT_VERSION = 3.0;
				TEST_TARGET_NAME = HelloWorld;
			};
			name = Release;
		};
/* End XCBuildConfiguration section */

/* Begin XCConfigurationList section */
		1F4B9F2C1E33C53700E68104 /* Build configuration list for PBXProject "HelloWorld" */ = {
			isa = XCConfigurationList;
			buildConfigurations = (
				1F4B9F5A1E33C53700E68104 /* Debug */,
				1F4B9F5B1E33C53700E68104 /* Release */,
			);
			defaultConfigurationIsVisible = 0;
			defaultConfigurationName = Release;
		};
		1F4B9F5C1E33C53700E68104 /* Build configuration list for PBXNativeTarget "HelloWorld" */ = {
			isa = XCConfigurationList;
			buildConfigurations = (
				1F4B9F5D1E33C53700E68104 /* Debug */,
				1F4B9F5E1E33C53700E68104 /* Release */,
			);
			defaultConfigurationIsVisible = 0;
		};
		1F4B9F5F1E33C53700E68104 /* Build configuration list for PBXNativeTarget "HelloWorldTests" */ = {
			isa = XCConfigurationList;
			buildConfigurations = (
				1F4B9F601E33C53700E68104 /* Debug */,
				1F4B9F611E33C53700E68104 /* Release */,
			);
			defaultConfigurationIsVisible = 0;
		};
		1F4B9F621E33C53700E68104 /* Build configuration list for PBXNativeTarget "HelloWorldUITests" */ = {
			isa = XCConfigurationList;
			buildConfigurations = (
				1F4B9F631E33C53700E68104 /* Debug */,
				1F4B9F641E33C53700E68104 /* Release */,
			);
			defaultConfigurationIsVisible = 0;
		};
/* End XCConfigurationList section */

/* Begin XCVersionGroup section */
		1F4B9F3B1E33C53700E68104 /* HelloWorld.xcdatamodeld */ = {
			isa = XCVersionGroup;
			children = (
				1F4B9F3C1E33C53700E68104 /* HelloWorld.xcdatamodel */,
			);
			currentVersion = 1F4B9F3C1E33C53700E68104 /* HelloWorld.xcdatamodel */;
			path = HelloWorld.xcdatamodeld;
			sourceTree = "<group>";
			versionGroupType = wrapper.xcdatamodel;
		};
/* End XCVersionGroup section */
	};
	rootObject = 1F4B9F291E33C53700E68104 /* Project object */;
}
